{
  "nodes": {
    "agenix": {
      "inputs": {
        "darwin": "darwin",
        "home-manager": "home-manager",
        "nixpkgs": "nixpkgs",
        "systems": "systems"
      },
      "locked": {
        "lastModified": 1770165109,
        "narHash": "sha256-9VnK6Oqai65puVJ4WYtCTvlJeXxMzAp/69HhQuTdl/I=",
        "owner": "ryantm",
        "repo": "agenix",
        "rev": "b027ee29d959fda4b60b57566d64c98a202e0feb",
        "type": "github"
      },
      "original": {
        "owner": "ryantm",
        "repo": "agenix",
        "type": "github"
      }
    },
    "darwin": {
      "inputs": {
        "nixpkgs": [
          "agenix",
          "nixpkgs"
        ]
      },
      "locked": {
        "lastModified": 1744478979,
        "narHash": "sha256-dyN+teG9G82G+m+PX/aSAagkC+vUv0SgUw3XkPhQodQ=",
        "owner": "lnl7",
        "repo": "nix-darwin",
        "rev": "43975d782b418ebf4969e9ccba82466728c2851b",
        "type": "github"
      },
      "original": {
        "owner": "lnl7",
        "ref": "master",
        "repo": "nix-darwin",
        "type": "github"
      }
    },
    "hjem": {
      "inputs": {
        "nixpkgs": [
          "nixpkgs"
        ]
      },
      "locked": {
        "lastModified": 1789958605,
        "narHash": "sha256-J/Rh2uL5gG3g1KU4z4QdyOqJ6d5HIy/fc/94Yn1fBVc=",
        "owner": "feel-co",
        "repo": "hjem",
        "rev": "b7db95216a7160391cdd0a2d49c7332963733311",
        "type": "github"
      },
      "original": {
        "owner": "feel-co",
        "repo": "hjem",
        "type": "github"
      }
    },
    "home-manager": {
      "inputs": {
        "nixpkgs": [
          "agenix",
          "nixpkgs"
        ]
      },
      "locked": {
        "lastModified": 1745494811,
        "narHash": "sha256-YZCh2o9Ua1n9uCvrvi5pRxtuVNml8X2a03qIFfRKpFs=",
        "owner": "nix-community",
        "repo": "home-manager",
        "rev": "abfad3d2958c9e6300a883bd443512c55dfeb1be",
        "type": "github"
      },
      "original": {
        "owner": "nix-community",
        "repo": "home-manager",
        "type": "github"
      }
    },
    "javamurraywebsite": {
      "flake": false,
      "locked": {
        "path": "git+ssh:/git@github.com:Java-Coffee1/javamurraywebsite.git",
        "type": "path"
      },
      "original": {
        "path": "git+ssh:/git@github.com:Java-Coffee1/javamurraywebsite.git",
        "type": "path"
      },
      "parent": []
    },
    "nixos-hardware": {
      "inputs": {
        "nixpkgs": "nixpkgs_2"
      },
      "locked": {
        "lastModified": 1789752250,
        "narHash": "sha256-q0J27mJDfd4BM9a7KcMVbcRmqyU+goQwudbMIu66qsg=",
        "owner": "NixOS",
        "repo": "nixos-hardware",
        "rev": "b2d7d02644f0002535a3bb51a73780945cdc7ba4",
        "type": "github"
      },
      "original": {
        "owner": "NixOS",
        "ref": "master",
        "repo": "nixos-hardware",
        "type": "github"
      }
    },
    "nixpkgs": {
      "locked": {
        "lastModified": 1754028485,
        "narHash": "sha256-IiiXB3BDTi6UqzAZcf2S797hWEPCRZOwyNThJIYhUfk=",
        "owner": "NixOS",
        "repo": "nixpkgs",
        "rev": "59e69648d345d6e8fef86158c555730fa12af9de",
        "type": "github"
      },
      "original": {
        "owner": "NixOS",
        "ref": "nixos-25.05",
        "repo": "nixpkgs",
        "type": "github"
      }
    },
    "nixpkgs_2": {
      "locked": {
        "lastModified": 1789546076,
        "narHash": "sha256-vWkSk5bbfTqdtMoSgD9FshACO8JCvXTFi+3cqEp0mH0=",
        "rev": "b1b875982b17dabde9b4a37f3e229e74913e6db3",
        "type": "tarball",
        "url": "https://releases.nixos.org/nixos/unstable/nixos-26.11pre1074753.b1b875982b17/nixexprs.tar.xz"
      },
      "original": {
        "type": "tarball",
        "url": "https://channels.nixos.org/nixos-unstable/nixexprs.tar.xz"
      }
    },
    "nixpkgs_3": {
      "locked": {
        "lastModified": 1789885152,
        "narHash": "sha256-lIL3uDaS4Q9Ks6klLrBlDr+XS71sbjMJFSipIp2yPjs=",
        "rev": "6d663c0533ff269008fb84e45930151e37c99db9",
        "type": "tarball",
        "url": "https://releases.nixos.org/nixos/26.05/nixos-26.05.10304.6d663c0533ff/nixexprs.tar.zst"
      },
      "original": {
        "id": "nixpkgs",
        "ref": "nixos-26.05",
        "type": "indirect"
      }
    },
    "noctalia": {
      "inputs": {
        "nixpkgs": [
          "nixpkgs"
        ]
      },
      "locked": {
        "lastModified": 1789952304,
        "narHash": "sha256-trV4jrU9OM877SuB2oYbDp6MjOQn8PN/kdQlWwENRew=",
        "owner": "noctalia-dev",
        "repo": "noctalia",
        "rev": "de4867dd1bdbfc30454f4465e1ef18a126bfe381",
        "type": "github"
      },
      "original": {
        "owner": "noctalia-dev",
        "repo": "noctalia",
        "type": "github"
      }
    },
    "root": {
      "inputs": {
        "agenix": "agenix",
        "hjem": "hjem",
        "javamurraywebsite": "javamurraywebsite",
        "nixos-hardware": "nixos-hardware",
        "nixpkgs": "nixpkgs_3",
        "noctalia": "noctalia",
        "treefmt-nix": "treefmt-nix",
        "wallpapers": "wallpapers"
      }
    },
    "systems": {
      "locked": {
        "lastModified": 1681028828,
        "narHash": "sha256-Vy1rq5AaRuLzOxct8nz4T6wlgyUR7zLU309k9mBC768=",
        "owner": "nix-systems",
        "repo": "default",
        "rev": "da67096a3b9bf56a91d16901293e51ba5b49a27e",
        "type": "github"
      },
      "original": {
        "owner": "nix-systems",
        "repo": "default",
        "type": "github"
      }
    },
    "treefmt-nix": {
      "inputs": {
        "nixpkgs": [
          "nixpkgs"
        ]
      },
      "locked": {
        "lastModified": 1786901030,
        "narHash": "sha256-WSFCsDSE5ffgD2MqzkM2CYjeFiKhRF/dJUN8uedb6YE=",
        "owner": "numtide",
        "repo": "treefmt-nix",
        "rev": "27b3b12a8e6375f28ebe122f07d230ca5459bbfa",
        "type": "github"
      },
      "original": {
        "owner": "numtide",
        "repo": "treefmt-nix",
        "type": "github"
      }
    },
    "wallpapers": {
      "flake": false,
      "locked": {
        "lastModified": 1789923266,
        "narHash": "sha256-T5XnsNv/fGAI6hFb1by1wzu4NIXkrtbHBRIWNdVvSHM=",
        "ref": "refs/heads/main",
        "rev": "455a3c158d5dbb82f306eb5b05ea6cbc06e44ba9",
        "revCount": 2,
        "type": "git",
        "url": "ssh://git@github.com/Java-Coffee1/wallpaper.git"
      },
      "original": {
        "type": "git",
        "url": "ssh://git@github.com/Java-Coffee1/wallpaper.git"
      }
    }
  },
  "root": "root",
  "version": 7
}
